
Microsoft Visual Studio Solution File, Format Version 12.00
# Visual Studio Version 16
VisualStudioVersion = 16.0.31313.79
MinimumVisualStudioVersion = 10.0.40219.1
Project("{8BC9CEB8-8B4A-11D0-8D11-00A0C91BC942}") = "cc_finder", "cc_finder\cc_finder.vcxproj", "{B7757812-5984-4C43-AE31-687682349C21}"
EndProject
Global
	GlobalSection(SolutionConfigurationPlatforms) = preSolution
		Debug|x64 = Debug|x64
		Release|x64 = Release|x64
	EndGlobalSection
	GlobalSection(ProjectConfigurationPlatforms) = postSolution
		{B7757812-5984-4C43-AE31-687682349C21}.Debug|x64.ActiveCfg = Debug|x64
		{B7757812-5984-4C43-AE31-687682349C21}.Debug|x64.Build.0 = Debug|x64
		{B7757812-5984-4C43-AE31-687682349C21}.Release|x64.ActiveCfg = Release|x64
		{B7757812-5984-4C43-AE31-687682349C21}.Release|x64.Build.0 = Release|x64
	EndGlobalSection
	GlobalSection(SolutionProperties) = preSolution
		HideSolutionNode = FALSE
	EndGlobalSection
	GlobalSection(ExtensibilityGlobals) = postSolution
		SolutionGuid = {6C19852A-2087-427E-BF27-396C4A892448}
	EndGlobalSection
EndGlobal
