<?xml version="1.0" encoding="utf-8"?>
<Project ToolsVersion="4.0" xmlns="http://schemas.microsoft.com/developer/msbuild/2003">
  <ItemGroup>
    <Filter Include="include">
      <UniqueIdentifier>{61486228-ce67-4829-8282-bef3ec5a5d67}</UniqueIdentifier>
    </Filter>
    <Filter Include="src">
      <UniqueIdentifier>{aa13e6e6-1eee-49da-8218-70242b28a05e}</UniqueIdentifier>
    </Filter>
  </ItemGroup>
  <ItemGroup>
    <ClInclude Include="util.cuh">
      <Filter>include</Filter>
    </ClInclude>
    <ClInclude Include="ccf_functions.cuh">
      <Filter>include</Filter>
    </ClInclude>
    <ClInclude Include="complex.cuh">
      <Filter>include</Filter>
    </ClInclude>
    <ClInclude Include="mass_function.cuh">
      <Filter>include</Filter>
    </ClInclude>
    <ClInclude Include="star.cuh">
      <Filter>include</Filter>
    </ClInclude>
    <ClInclude Include="stopwatch.hpp">
      <Filter>include</Filter>
    </ClInclude>
    <ClInclude Include="ccf.cuh">
      <Filter>include</Filter>
    </ClInclude>
  </ItemGroup>
  <ItemGroup>
    <CudaCompile Include="main.cu">
      <Filter>src</Filter>
    </CudaCompile>
  </ItemGroup>
  <ItemGroup>
    <None Include="..\README.md" />
  </ItemGroup>
</Project>